
Microsoft Visual Studio Solution File, Format Version 12.00
# Visual Studio Version 16
VisualStudioVersion = 16.0.31424.327
MinimumVisualStudioVersion = 10.0.40219.1
Project("{FAE04EC0-301F-11D3-BF4B-00C04F79EFBC}") = "WebServicesDemo", "WebServicesDemo\WebServicesDemo.csproj", "{B0895E11-0FF1-4050-BEEE-66D90C15F705}"
EndProject
Project("{FAE04EC0-301F-11D3-BF4B-00C04F79EFBC}") = "HelloWebClient", "HelloWebClient\HelloWebClient.csproj", "{A179A4B3-64A5-4759-AAB2-D51BC478D3E4}"
	ProjectSection(ProjectDependencies) = postProject
		{B0895E11-0FF1-4050-BEEE-66D90C15F705} = {B0895E11-0FF1-4050-BEEE-66D90C15F705}
	EndProjectSection
EndProject
Global
	GlobalSection(SolutionConfigurationPlatforms) = preSolution
		Debug|Any CPU = Debug|Any CPU
		Release|Any CPU = Release|Any CPU
	EndGlobalSection
	GlobalSection(ProjectConfigurationPlatforms) = postSolution
		{B0895E11-0FF1-4050-BEEE-66D90C15F705}.Debug|Any CPU.ActiveCfg = Debug|Any CPU
		{B0895E11-0FF1-4050-BEEE-66D90C15F705}.Debug|Any CPU.Build.0 = Debug|Any CPU
		{B0895E11-0FF1-4050-BEEE-66D90C15F705}.Release|Any CPU.ActiveCfg = Release|Any CPU
		{B0895E11-0FF1-4050-BEEE-66D90C15F705}.Release|Any CPU.Build.0 = Release|Any CPU
		{A179A4B3-64A5-4759-AAB2-D51BC478D3E4}.Debug|Any CPU.ActiveCfg = Debug|Any CPU
		{A179A4B3-64A5-4759-AAB2-D51BC478D3E4}.Debug|Any CPU.Build.0 = Debug|Any CPU
		{A179A4B3-64A5-4759-AAB2-D51BC478D3E4}.Release|Any CPU.ActiveCfg = Release|Any CPU
		{A179A4B3-64A5-4759-AAB2-D51BC478D3E4}.Release|Any CPU.Build.0 = Release|Any CPU
	EndGlobalSection
	GlobalSection(SolutionProperties) = preSolution
		HideSolutionNode = FALSE
	EndGlobalSection
	GlobalSection(ExtensibilityGlobals) = postSolution
		SolutionGuid = {0FBCCE04-1F11-4229-BC37-A64D7C71EFF4}
	EndGlobalSection
EndGlobal
